// !$*UTF8*$!
{
	archiveVersion = 1;
	classes = {
	};
	objectVersion = 48;
	objects = {

/* Begin PBXBuildFile section */
		49A7AEF32063D87600426CF4 /* main.cpp in Sources */ = {isa = PBXBuildFile; fileRef = 49A7AEF22063D87600426CF4 /* main.cpp */; };
		49A7AEFB2063D92F00426CF4 /* audioIO.cpp in Sources */ = {isa = PBXBuildFile; fileRef = 49A7AEF92063D92F00426CF4 /* audioIO.cpp */; };
		876F0AEE224CC820008862B3 /* analytics.cpp in Sources */ = {isa = PBXBuildFile; fileRef = 876F0AEC224CC820008862B3 /* analytics.cpp */; };
		876F0AF1224CD5EF008862B3 /* Audio effects.cpp in Sources */ = {isa = PBXBuildFile; fileRef = 876F0AEF224CD5EF008862B3 /* Audio effects.cpp */; };
/* End PBXBuildFile section */

/* Begin PBXCopyFilesBuildPhase section */
		49A7AEED2063D87600426CF4 /* CopyFiles */ = {
			isa = PBXCopyFilesBuildPhase;
			buildActionMask = 2147483647;
			dstPath = /usr/share/man/man1/;
			dstSubfolderSpec = 0;
			files = (
			);
			runOnlyForDeploymentPostprocessing = 1;
		};
/* End PBXCopyFilesBuildPhase section */

/* Begin PBXFileReference section */
		49A7AEEF2063D87600426CF4 /* week7-tutorial */ = {isa = PBXFileReference; explicitFileType = "compiled.mach-o.executable"; includeInIndex = 0; path = "week7-tutorial"; sourceTree = BUILT_PRODUCTS_DIR; };
		49A7AEF22063D87600426CF4 /* main.cpp */ = {isa = PBXFileReference; lastKnownFileType = sourcecode.cpp.cpp; path = main.cpp; sourceTree = "<group>"; };
		49A7AEF92063D92F00426CF4 /* audioIO.cpp */ = {isa = PBXFileReference; lastKnownFileType = sourcecode.cpp.cpp; path = audioIO.cpp; sourceTree = "<group>"; };
		49A7AEFA2063D92F00426CF4 /* audioIO.hpp */ = {isa = PBXFileReference; lastKnownFileType = sourcecode.cpp.h; path = audioIO.hpp; sourceTree = "<group>"; };
		876F0AEC224CC820008862B3 /* analytics.cpp */ = {isa = PBXFileReference; lastKnownFileType = sourcecode.cpp.cpp; path = analytics.cpp; sourceTree = "<group>"; };
		876F0AED224CC820008862B3 /* analytics.hpp */ = {isa = PBXFileReference; lastKnownFileType = sourcecode.cpp.h; path = analytics.hpp; sourceTree = "<group>"; };
		876F0AEF224CD5EF008862B3 /* Audio effects.cpp */ = {isa = PBXFileReference; lastKnownFileType = sourcecode.cpp.cpp; path = "Audio effects.cpp"; sourceTree = "<group>"; };
		876F0AF0224CD5EF008862B3 /* Audio effects.hpp */ = {isa = PBXFileReference; lastKnownFileType = sourcecode.cpp.h; path = "Audio effects.hpp"; sourceTree = "<group>"; };
/* End PBXFileReference section */

/* Begin PBXFrameworksBuildPhase section */
		49A7AEEC2063D87600426CF4 /* Frameworks */ = {
			isa = PBXFrameworksBuildPhase;
			buildActionMask = 2147483647;
			files = (
			);
			runOnlyForDeploymentPostprocessing = 0;
		};
/* End PBXFrameworksBuildPhase section */

/* Begin PBXGroup section */
		49A7AEE62063D87500426CF4 = {
			isa = PBXGroup;
			children = (
				49A7AEF12063D87600426CF4 /* week7-tutorial */,
				49A7AEF02063D87600426CF4 /* Products */,
			);
			sourceTree = "<group>";
		};
		49A7AEF02063D87600426CF4 /* Products */ = {
			isa = PBXGroup;
			children = (
				49A7AEEF2063D87600426CF4 /* week7-tutorial */,
			);
			name = Products;
			sourceTree = "<group>";
		};
		49A7AEF12063D87600426CF4 /* week7-tutorial */ = {
			isa = PBXGroup;
			children = (
				49A7AEF22063D87600426CF4 /* main.cpp */,
				49A7AEF92063D92F00426CF4 /* audioIO.cpp */,
				49A7AEFA2063D92F00426CF4 /* audioIO.hpp */,
				876F0AEC224CC820008862B3 /* analytics.cpp */,
				876F0AED224CC820008862B3 /* analytics.hpp */,
				876F0AEF224CD5EF008862B3 /* Audio effects.cpp */,
				876F0AF0224CD5EF008862B3 /* Audio effects.hpp */,
			);
			path = "week7-tutorial";
			sourceTree = "<group>";
		};
/* End PBXGroup section */

/* Begin PBXNativeTarget section */
		49A7AEEE2063D87600426CF4 /* week7-tutorial */ = {
			isa = PBXNativeTarget;
			buildConfigurationList = 49A7AEF62063D87600426CF4 /* Build configuration list for PBXNativeTarget "week7-tutorial" */;
			buildPhases = (
				49A7AEEB2063D87600426CF4 /* Sources */,
				49A7AEEC2063D87600426CF4 /* Frameworks */,
				49A7AEED2063D87600426CF4 /* CopyFiles */,
			);
			buildRules = (
			);
			dependencies = (
			);
			name = "week7-tutorial";
			productName = "week7-tutorial";
			productReference = 49A7AEEF2063D87600426CF4 /* week7-tutorial */;
			productType = "com.apple.product-type.tool";
		};
/* End PBXNativeTarget section */

/* Begin PBXProject section */
		49A7AEE72063D87500426CF4 /* Project object */ = {
			isa = PBXProject;
			attributes = {
				LastUpgradeCheck = 0920;
				ORGANIZATIONNAME = ASD;
				TargetAttributes = {
					49A7AEEE2063D87600426CF4 = {
						CreatedOnToolsVersion = 9.2;
						ProvisioningStyle = Automatic;
					};
				};
			};
			buildConfigurationList = 49A7AEEA2063D87500426CF4 /* Build configuration list for PBXProject "Assessment code" */;
			compatibilityVersion = "Xcode 8.0";
			developmentRegion = en;
			hasScannedForEncodings = 0;
			knownRegions = (
				en,
			);
			mainGroup = 49A7AEE62063D87500426CF4;
			productRefGroup = 49A7AEF02063D87600426CF4 /* Products */;
			projectDirPath = "";
			projectRoot = "";
			targets = (
				49A7AEEE2063D87600426CF4 /* week7-tutorial */,
			);
		};
/* End PBXProject section */

/* Begin PBXSourcesBuildPhase section */
		49A7AEEB2063D87600426CF4 /* Sources */ = {
			isa = PBXSourcesBuildPhase;
			buildActionMask = 2147483647;
			files = (
				876F0AF1224CD5EF008862B3 /* Audio effects.cpp in Sources */,
				876F0AEE224CC820008862B3 /* analytics.cpp in Sources */,
				49A7AEFB2063D92F00426CF4 /* audioIO.cpp in Sources */,
				49A7AEF32063D87600426CF4 /* main.cpp in Sources */,
			);
			runOnlyForDeploymentPostprocessing = 0;
		};
/* End PBXSourcesBuildPhase section */

/* Begin XCBuildConfiguration section */
		49A7AEF42063D87600426CF4 /* Debug */ = {
			isa = XCBuildConfiguration;
			buildSettings = {
				ALWAYS_SEARCH_USER_PATHS = NO;
				CLANG_ANALYZER_NONNULL = YES;
				CLANG_ANALYZER_NUMBER_OBJECT_CONVERSION = YES_AGGRESSIVE;
				CLANG_CXX_LANGUAGE_STANDARD = "gnu++14";
				CLANG_CXX_LIBRARY = "libc++";
				CLANG_ENABLE_MODULES = YES;
				CLANG_ENABLE_OBJC_ARC = YES;
				CLANG_WARN_BLOCK_CAPTURE_AUTORELEASING = YES;
				CLANG_WARN_BOOL_CONVERSION = YES;
				CLANG_WARN_COMMA = YES;
				CLANG_WARN_CONSTANT_CONVERSION = YES;
				CLANG_WARN_DIRECT_OBJC_ISA_USAGE = YES_ERROR;
				CLANG_WARN_DOCUMENTATION_COMMENTS = YES;
				CLANG_WARN_EMPTY_BODY = YES;
				CLANG_WARN_ENUM_CONVERSION = YES;
				CLANG_WARN_INFINITE_RECURSION = YES;
				CLANG_WARN_INT_CONVERSION = YES;
				CLANG_WARN_NON_LITERAL_NULL_CONVERSION = YES;
				CLANG_WARN_OBJC_LITERAL_CONVERSION = YES;
				CLANG_WARN_OBJC_ROOT_CLASS = YES_ERROR;
				CLANG_WARN_RANGE_LOOP_ANALYSIS = YES;
				CLANG_WARN_STRICT_PROTOTYPES = YES;
				CLANG_WARN_SUSPICIOUS_MOVE = YES;
				CLANG_WARN_UNGUARDED_AVAILABILITY = YES_AGGRESSIVE;
				CLANG_WARN_UNREACHABLE_CODE = YES;
				CLANG_WARN__DUPLICATE_METHOD_MATCH = YES;
				CODE_SIGN_IDENTITY = "-";
				COPY_PHASE_STRIP = NO;
				DEBUG_INFORMATION_FORMAT = dwarf;
				ENABLE_STRICT_OBJC_MSGSEND = YES;
				ENABLE_TESTABILITY = YES;
				GCC_C_LANGUAGE_STANDARD = gnu11;
				GCC_DYNAMIC_NO_PIC = NO;
				GCC_NO_COMMON_BLOCKS = YES;
				GCC_OPTIMIZATION_LEVEL = 0;
				GCC_PREPROCESSOR_DEFINITIONS = (
					"DEBUG=1",
					"$(inherited)",
				);
				GCC_WARN_64_TO_32_BIT_CONVERSION = YES;
				GCC_WARN_ABOUT_RETURN_TYPE = YES_ERROR;
				GCC_WARN_UNDECLARED_SELECTOR = YES;
				GCC_WARN_UNINITIALIZED_AUTOS = YES_AGGRESSIVE;
				GCC_WARN_UNUSED_FUNCTION = YES;
				GCC_WARN_UNUSED_VARIABLE = YES;
				MACOSX_DEPLOYMENT_TARGET = 10.13;
				MTL_ENABLE_DEBUG_INFO = YES;
				ONLY_ACTIVE_ARCH = YES;
				SDKROOT = macosx;
			};
			name = Debug;
		};
		49A7AEF52063D87600426CF4 /* Release */ = {
			isa = XCBuildConfiguration;
			buildSettings = {
				ALWAYS_SEARCH_USER_PATHS = NO;
				CLANG_ANALYZER_NONNULL = YES;
				CLANG_ANALYZER_NUMBER_OBJECT_CONVERSION = YES_AGGRESSIVE;
				CLANG_CXX_LANGUAGE_STANDARD = "gnu++14";
				CLANG_CXX_LIBRARY = "libc++";
				CLANG_ENABLE_MODULES = YES;
				CLANG_ENABLE_OBJC_ARC = YES;
				CLANG_WARN_BLOCK_CAPTURE_AUTORELEASING = YES;
				CLANG_WARN_BOOL_CONVERSION = YES;
				CLANG_WARN_COMMA = YES;
				CLANG_WARN_CONSTANT_CONVERSION = YES;
				CLANG_WARN_DIRECT_OBJC_ISA_USAGE = YES_ERROR;
				CLANG_WARN_DOCUMENTATION_COMMENTS = YES;
				CLANG_WARN_EMPTY_BODY = YES;
				CLANG_WARN_ENUM_CONVERSION = YES;
				CLANG_WARN_INFINITE_RECURSION = YES;
				CLANG_WARN_INT_CONVERSION = YES;
				CLANG_WARN_NON_LITERAL_NULL_CONVERSION = YES;
				CLANG_WARN_OBJC_LITERAL_CONVERSION = YES;
				CLANG_WARN_OBJC_ROOT_CLASS = YES_ERROR;
				CLANG_WARN_RANGE_LOOP_ANALYSIS = YES;
				CLANG_WARN_STRICT_PROTOTYPES = YES;
				CLANG_WARN_SUSPICIOUS_MOVE = YES;
				CLANG_WARN_UNGUARDED_AVAILABILITY = YES_AGGRESSIVE;
				CLANG_WARN_UNREACHABLE_CODE = YES;
				CLANG_WARN__DUPLICATE_METHOD_MATCH = YES;
				CODE_SIGN_IDENTITY = "-";
				COPY_PHASE_STRIP = NO;
				DEBUG_INFORMATION_FORMAT = "dwarf-with-dsym";
				ENABLE_NS_ASSERTIONS = NO;
				ENABLE_STRICT_OBJC_MSGSEND = YES;
				GCC_C_LANGUAGE_STANDARD = gnu11;
				GCC_NO_COMMON_BLOCKS = YES;
				GCC_WARN_64_TO_32_BIT_CONVERSION = YES;
				GCC_WARN_ABOUT_RETURN_TYPE = YES_ERROR;
				GCC_WARN_UNDECLARED_SELECTOR = YES;
				GCC_WARN_UNINITIALIZED_AUTOS = YES_AGGRESSIVE;
				GCC_WARN_UNUSED_FUNCTION = YES;
				GCC_WARN_UNUSED_VARIABLE = YES;
				MACOSX_DEPLOYMENT_TARGET = 10.13;
				MTL_ENABLE_DEBUG_INFO = NO;
				SDKROOT = macosx;
			};
			name = Release;
		};
		49A7AEF72063D87600426CF4 /* Debug */ = {
			isa = XCBuildConfiguration;
			buildSettings = {
				CODE_SIGN_STYLE = Automatic;
				HEADER_SEARCH_PATHS = /usr/local/include;
				LIBRARY_SEARCH_PATHS = /usr/local/lib;
				OTHER_LDFLAGS = "-lsndfile";
				PRODUCT_NAME = "$(TARGET_NAME)";
			};
			name = Debug;
		};
		49A7AEF82063D87600426CF4 /* Release */ = {
			isa = XCBuildConfiguration;
			buildSettings = {
				CODE_SIGN_STYLE = Automatic;
				HEADER_SEARCH_PATHS = /usr/local/include;
				LIBRARY_SEARCH_PATHS = /usr/local/lib;
				OTHER_LDFLAGS = "-lsndfile";
				PRODUCT_NAME = "$(TARGET_NAME)";
			};
			name = Release;
		};
/* End XCBuildConfiguration section */

/* Begin XCConfigurationList section */
		49A7AEEA2063D87500426CF4 /* Build configuration list for PBXProject "Assessment code" */ = {
			isa = XCConfigurationList;
			buildConfigurations = (
				49A7AEF42063D87600426CF4 /* Debug */,
				49A7AEF52063D87600426CF4 /* Release */,
			);
			defaultConfigurationIsVisible = 0;
			defaultConfigurationName = Release;
		};
		49A7AEF62063D87600426CF4 /* Build configuration list for PBXNativeTarget "week7-tutorial" */ = {
			isa = XCConfigurationList;
			buildConfigurations = (
				49A7AEF72063D87600426CF4 /* Debug */,
				49A7AEF82063D87600426CF4 /* Release */,
			);
			defaultConfigurationIsVisible = 0;
			defaultConfigurationName = Release;
		};
/* End XCConfigurationList section */
	};
	rootObject = 49A7AEE72063D87500426CF4 /* Project object */;
}
